// !$*UTF8*$!
{
	archiveVersion = 1;
	classes = {
	};
	objectVersion = 46;
	objects = {

/* Begin PBXBuildFile section */
		633BDEEB1DBFF27900F7D7C4 /* oss.c in Sources */ = {isa = PBXBuildFile; fileRef = 633BDEEA1DBFF27900F7D7C4 /* oss.c */; };
		633BDEF91DC0301600F7D7C4 /* user.c in Sources */ = {isa = PBXBuildFile; fileRef = 633BDEF81DC0301600F7D7C4 /* user.c */; };
/* End PBXBuildFile section */

/* Begin PBXCopyFilesBuildPhase section */
		633BDEE51DBFF27900F7D7C4 /* CopyFiles */ = {
			isa = PBXCopyFilesBuildPhase;
			buildActionMask = 2147483647;
			dstPath = /usr/share/man/man1/;
			dstSubfolderSpec = 0;
			files = (
			);
			runOnlyForDeploymentPostprocessing = 1;
		};
		633BDEF41DC0301600F7D7C4 /* CopyFiles */ = {
			isa = PBXCopyFilesBuildPhase;
			buildActionMask = 2147483647;
			dstPath = /usr/share/man/man1/;
			dstSubfolderSpec = 0;
			files = (
			);
			runOnlyForDeploymentPostprocessing = 1;
		};
/* End PBXCopyFilesBuildPhase section */

/* Begin PBXFileReference section */
		633BDEE71DBFF27900F7D7C4 /* Proj4 */ = {isa = PBXFileReference; explicitFileType = "compiled.mach-o.executable"; includeInIndex = 0; path = Proj4; sourceTree = BUILT_PRODUCTS_DIR; };
		633BDEEA1DBFF27900F7D7C4 /* oss.c */ = {isa = PBXFileReference; lastKnownFileType = sourcecode.c.c; path = oss.c; sourceTree = "<group>"; };
		633BDEF11DBFF28D00F7D7C4 /* Proj4.h */ = {isa = PBXFileReference; lastKnownFileType = sourcecode.c.h; path = Proj4.h; sourceTree = "<group>"; };
		633BDEF61DC0301600F7D7C4 /* user */ = {isa = PBXFileReference; explicitFileType = "compiled.mach-o.executable"; includeInIndex = 0; path = user; sourceTree = BUILT_PRODUCTS_DIR; };
		633BDEF81DC0301600F7D7C4 /* user.c */ = {isa = PBXFileReference; lastKnownFileType = sourcecode.c.c; path = user.c; sourceTree = "<group>"; };
/* End PBXFileReference section */

/* Begin PBXFrameworksBuildPhase section */
		633BDEE41DBFF27900F7D7C4 /* Frameworks */ = {
			isa = PBXFrameworksBuildPhase;
			buildActionMask = 2147483647;
			files = (
			);
			runOnlyForDeploymentPostprocessing = 0;
		};
		633BDEF31DC0301600F7D7C4 /* Frameworks */ = {
			isa = PBXFrameworksBuildPhase;
			buildActionMask = 2147483647;
			files = (
			);
			runOnlyForDeploymentPostprocessing = 0;
		};
/* End PBXFrameworksBuildPhase section */

/* Begin PBXGroup section */
		633BDEDE1DBFF27900F7D7C4 = {
			isa = PBXGroup;
			children = (
				633BDEF11DBFF28D00F7D7C4 /* Proj4.h */,
				633BDEE91DBFF27900F7D7C4 /* Proj4 */,
				633BDEF71DC0301600F7D7C4 /* user */,
				633BDEE81DBFF27900F7D7C4 /* Products */,
			);
			sourceTree = "<group>";
		};
		633BDEE81DBFF27900F7D7C4 /* Products */ = {
			isa = PBXGroup;
			children = (
				633BDEE71DBFF27900F7D7C4 /* Proj4 */,
				633BDEF61DC0301600F7D7C4 /* user */,
			);
			name = Products;
			sourceTree = "<group>";
		};
		633BDEE91DBFF27900F7D7C4 /* Proj4 */ = {
			isa = PBXGroup;
			children = (
				633BDEEA1DBFF27900F7D7C4 /* oss.c */,
			);
			path = Proj4;
			sourceTree = "<group>";
		};
		633BDEF71DC0301600F7D7C4 /* user */ = {
			isa = PBXGroup;
			children = (
				633BDEF81DC0301600F7D7C4 /* user.c */,
			);
			path = user;
			sourceTree = "<group>";
		};
/* End PBXGroup section */

/* Begin PBXNativeTarget section */
		633BDEE61DBFF27900F7D7C4 /* Proj4 */ = {
			isa = PBXNativeTarget;
			buildConfigurationList = 633BDEEE1DBFF27900F7D7C4 /* Build configuration list for PBXNativeTarget "Proj4" */;
			buildPhases = (
				633BDEE31DBFF27900F7D7C4 /* Sources */,
				633BDEE41DBFF27900F7D7C4 /* Frameworks */,
				633BDEE51DBFF27900F7D7C4 /* CopyFiles */,
			);
			buildRules = (
			);
			dependencies = (
			);
			name = Proj4;
			productName = Proj4;
			productReference = 633BDEE71DBFF27900F7D7C4 /* Proj4 */;
			productType = "com.apple.product-type.tool";
		};
		633BDEF51DC0301600F7D7C4 /* user */ = {
			isa = PBXNativeTarget;
			buildConfigurationList = 633BDEFA1DC0301600F7D7C4 /* Build configuration list for PBXNativeTarget "user" */;
			buildPhases = (
				633BDEF21DC0301600F7D7C4 /* Sources */,
				633BDEF31DC0301600F7D7C4 /* Frameworks */,
				633BDEF41DC0301600F7D7C4 /* CopyFiles */,
			);
			buildRules = (
			);
			dependencies = (
			);
			name = user;
			productName = user;
			productReference = 633BDEF61DC0301600F7D7C4 /* user */;
			productType = "com.apple.product-type.tool";
		};
/* End PBXNativeTarget section */

/* Begin PBXProject section */
		633BDEDF1DBFF27900F7D7C4 /* Project object */ = {
			isa = PBXProject;
			attributes = {
				LastUpgradeCheck = 0800;
				ORGANIZATIONNAME = "Anthony Cavallo";
				TargetAttributes = {
					633BDEE61DBFF27900F7D7C4 = {
						CreatedOnToolsVersion = 8.0;
						ProvisioningStyle = Automatic;
					};
					633BDEF51DC0301600F7D7C4 = {
						CreatedOnToolsVersion = 8.0;
						ProvisioningStyle = Automatic;
					};
				};
			};
			buildConfigurationList = 633BDEE21DBFF27900F7D7C4 /* Build configuration list for PBXProject "Proj4" */;
			compatibilityVersion = "Xcode 3.2";
			developmentRegion = English;
			hasScannedForEncodings = 0;
			knownRegions = (
				en,
			);
			mainGroup = 633BDEDE1DBFF27900F7D7C4;
			productRefGroup = 633BDEE81DBFF27900F7D7C4 /* Products */;
			projectDirPath = "";
			projectRoot = "";
			targets = (
				633BDEE61DBFF27900F7D7C4 /* Proj4 */,
				633BDEF51DC0301600F7D7C4 /* user */,
			);
		};
/* End PBXProject section */

/* Begin PBXSourcesBuildPhase section */
		633BDEE31DBFF27900F7D7C4 /* Sources */ = {
			isa = PBXSourcesBuildPhase;
			buildActionMask = 2147483647;
			files = (
				633BDEEB1DBFF27900F7D7C4 /* oss.c in Sources */,
			);
			runOnlyForDeploymentPostprocessing = 0;
		};
		633BDEF21DC0301600F7D7C4 /* Sources */ = {
			isa = PBXSourcesBuildPhase;
			buildActionMask = 2147483647;
			files = (
				633BDEF91DC0301600F7D7C4 /* user.c in Sources */,
			);
			runOnlyForDeploymentPostprocessing = 0;
		};
/* End PBXSourcesBuildPhase section */

/* Begin XCBuildConfiguration section */
		633BDEEC1DBFF27900F7D7C4 /* Debug */ = {
			isa = XCBuildConfiguration;
			buildSettings = {
				ALWAYS_SEARCH_USER_PATHS = NO;
				CLANG_ANALYZER_NONNULL = YES;
				CLANG_CXX_LANGUAGE_STANDARD = "gnu++0x";
				CLANG_CXX_LIBRARY = "libc++";
				CLANG_ENABLE_MODULES = YES;
				CLANG_ENABLE_OBJC_ARC = YES;
				CLANG_WARN_BOOL_CONVERSION = YES;
				CLANG_WARN_CONSTANT_CONVERSION = YES;
				CLANG_WARN_DIRECT_OBJC_ISA_USAGE = YES_ERROR;
				CLANG_WARN_DOCUMENTATION_COMMENTS = YES;
				CLANG_WARN_EMPTY_BODY = YES;
				CLANG_WARN_ENUM_CONVERSION = YES;
				CLANG_WARN_INFINITE_RECURSION = YES;
				CLANG_WARN_INT_CONVERSION = YES;
				CLANG_WARN_OBJC_ROOT_CLASS = YES_ERROR;
				CLANG_WARN_SUSPICIOUS_MOVES = YES;
				CLANG_WARN_UNREACHABLE_CODE = YES;
				CLANG_WARN__DUPLICATE_METHOD_MATCH = YES;
				CODE_SIGN_IDENTITY = "-";
				COPY_PHASE_STRIP = NO;
				DEBUG_INFORMATION_FORMAT = dwarf;
				ENABLE_STRICT_OBJC_MSGSEND = YES;
				ENABLE_TESTABILITY = YES;
				GCC_C_LANGUAGE_STANDARD = gnu99;
				GCC_DYNAMIC_NO_PIC = NO;
				GCC_NO_COMMON_BLOCKS = YES;
				GCC_OPTIMIZATION_LEVEL = 0;
				GCC_PREPROCESSOR_DEFINITIONS = (
					"DEBUG=1",
					"$(inherited)",
				);
				GCC_WARN_64_TO_32_BIT_CONVERSION = YES;
				GCC_WARN_ABOUT_RETURN_TYPE = YES_ERROR;
				GCC_WARN_UNDECLARED_SELECTOR = YES;
				GCC_WARN_UNINITIALIZED_AUTOS = YES_AGGRESSIVE;
				GCC_WARN_UNUSED_FUNCTION = YES;
				GCC_WARN_UNUSED_VARIABLE = YES;
				MACOSX_DEPLOYMENT_TARGET = 10.11;
				MTL_ENABLE_DEBUG_INFO = YES;
				ONLY_ACTIVE_ARCH = YES;
				SDKROOT = macosx;
			};
			name = Debug;
		};
		633BDEED1DBFF27900F7D7C4 /* Release */ = {
			isa = XCBuildConfiguration;
			buildSettings = {
				ALWAYS_SEARCH_USER_PATHS = NO;
				CLANG_ANALYZER_NONNULL = YES;
				CLANG_CXX_LANGUAGE_STANDARD = "gnu++0x";
				CLANG_CXX_LIBRARY = "libc++";
				CLANG_ENABLE_MODULES = YES;
				CLANG_ENABLE_OBJC_ARC = YES;
				CLANG_WARN_BOOL_CONVERSION = YES;
				CLANG_WARN_CONSTANT_CONVERSION = YES;
				CLANG_WARN_DIRECT_OBJC_ISA_USAGE = YES_ERROR;
				CLANG_WARN_DOCUMENTATION_COMMENTS = YES;
				CLANG_WARN_EMPTY_BODY = YES;
				CLANG_WARN_ENUM_CONVERSION = YES;
				CLANG_WARN_INFINITE_RECURSION = YES;
				CLANG_WARN_INT_CONVERSION = YES;
				CLANG_WARN_OBJC_ROOT_CLASS = YES_ERROR;
				CLANG_WARN_SUSPICIOUS_MOVES = YES;
				CLANG_WARN_UNREACHABLE_CODE = YES;
				CLANG_WARN__DUPLICATE_METHOD_MATCH = YES;
				CODE_SIGN_IDENTITY = "-";
				COPY_PHASE_STRIP = NO;
				DEBUG_INFORMATION_FORMAT = "dwarf-with-dsym";
				ENABLE_NS_ASSERTIONS = NO;
				ENABLE_STRICT_OBJC_MSGSEND = YES;
				GCC_C_LANGUAGE_STANDARD = gnu99;
				GCC_NO_COMMON_BLOCKS = YES;
				GCC_WARN_64_TO_32_BIT_CONVERSION = YES;
				GCC_WARN_ABOUT_RETURN_TYPE = YES_ERROR;
				GCC_WARN_UNDECLARED_SELECTOR = YES;
				GCC_WARN_UNINITIALIZED_AUTOS = YES_AGGRESSIVE;
				GCC_WARN_UNUSED_FUNCTION = YES;
				GCC_WARN_UNUSED_VARIABLE = YES;
				MACOSX_DEPLOYMENT_TARGET = 10.11;
				MTL_ENABLE_DEBUG_INFO = NO;
				SDKROOT = macosx;
			};
			name = Release;
		};
		633BDEEF1DBFF27900F7D7C4 /* Debug */ = {
			isa = XCBuildConfiguration;
			buildSettings = {
				PRODUCT_NAME = "$(TARGET_NAME)";
			};
			name = Debug;
		};
		633BDEF01DBFF27900F7D7C4 /* Release */ = {
			isa = XCBuildConfiguration;
			buildSettings = {
				PRODUCT_NAME = "$(TARGET_NAME)";
			};
			name = Release;
		};
		633BDEFB1DC0301600F7D7C4 /* Debug */ = {
			isa = XCBuildConfiguration;
			buildSettings = {
				PRODUCT_NAME = "$(TARGET_NAME)";
			};
			name = Debug;
		};
		633BDEFC1DC0301600F7D7C4 /* Release */ = {
			isa = XCBuildConfiguration;
			buildSettings = {
				PRODUCT_NAME = "$(TARGET_NAME)";
			};
			name = Release;
		};
/* End XCBuildConfiguration section */

/* Begin XCConfigurationList section */
		633BDEE21DBFF27900F7D7C4 /* Build configuration list for PBXProject "Proj4" */ = {
			isa = XCConfigurationList;
			buildConfigurations = (
				633BDEEC1DBFF27900F7D7C4 /* Debug */,
				633BDEED1DBFF27900F7D7C4 /* Release */,
			);
			defaultConfigurationIsVisible = 0;
			defaultConfigurationName = Release;
		};
		633BDEEE1DBFF27900F7D7C4 /* Build configuration list for PBXNativeTarget "Proj4" */ = {
			isa = XCConfigurationList;
			buildConfigurations = (
				633BDEEF1DBFF27900F7D7C4 /* Debug */,
				633BDEF01DBFF27900F7D7C4 /* Release */,
			);
			defaultConfigurationIsVisible = 0;
		};
		633BDEFA1DC0301600F7D7C4 /* Build configuration list for PBXNativeTarget "user" */ = {
			isa = XCConfigurationList;
			buildConfigurations = (
				633BDEFB1DC0301600F7D7C4 /* Debug */,
				633BDEFC1DC0301600F7D7C4 /* Release */,
			);
			defaultConfigurationIsVisible = 0;
		};
/* End XCConfigurationList section */
	};
	rootObject = 633BDEDF1DBFF27900F7D7C4 /* Project object */;
}
